Microsoft Visual Studio Solution File, Format Version 12.00
# Visual Studio Version 17
VisualStudioVersion = 17.5.2.0
MinimumVisualStudioVersion = 10.0.40219.1
Project("{FAE04EC0-301F-11D3-BF4B-00C04F79EFBC}") = "SeedingExample", "SeedingExample\SeedingExample.csproj", "{990FAAAD-151B-D9AA-D897-EC70A304340B}"
EndProject
Global
	GlobalSection(SolutionConfigurationPlatforms) = preSolution
		Debug|Any CPU = Debug|Any CPU
		Release|Any CPU = Release|Any CPU
	EndGlobalSection
	GlobalSection(ProjectConfigurationPlatforms) = postSolution
		{990FAAAD-151B-D9AA-D897-EC70A304340B}.Debug|Any CPU.ActiveCfg = Debug|Any CPU
		{990FAAAD-151B-D9AA-D897-EC70A304340B}.Debug|Any CPU.Build.0 = Debug|Any CPU
		{990FAAAD-151B-D9AA-D897-EC70A304340B}.Release|Any CPU.ActiveCfg = Release|Any CPU
		{990FAAAD-151B-D9AA-D897-EC70A304340B}.Release|Any CPU.Build.0 = Release|Any CPU
	EndGlobalSection
	GlobalSection(SolutionProperties) = preSolution
		HideSolutionNode = FALSE
	EndGlobalSection
	GlobalSection(ExtensibilityGlobals) = postSolution
		SolutionGuid = {E5DBFA93-6ACB-4D3F-8121-748C052F90F9}
	EndGlobalSection
EndGlobal
